{
  "name": "ts-project",
  "version": "1.0.0",
  "lockfileVersion": 2,
  "requires": true,
  "packages": {
    "": {
      "name": "ts-project",
      "version": "1.0.0",
      "license": "ISC",
      "dependencies": {
        "reflect-metadata": "^0.1.13"
      },
      "devDependencies": {
        "@types/node": "^18.11.3",
        "typescript": "^4.9.1-beta"
      }
    },
    "node_modules/@types/node": {
      "version": "18.11.3",
      "resolved": "https://registry.npmjs.org/@types/node/-/node-18.11.3.tgz",
      "integrity": "sha512-fNjDQzzOsZeKZu5NATgXUPsaFaTxeRgFXoosrHivTl8RGeV733OLawXsGfEk9a8/tySyZUyiZ6E8LcjPFZ2y1A==",
      "dev": true
    },
    "node_modules/reflect-metadata": {
      "version": "0.1.13",
      "resolved": "https://registry.npmjs.org/reflect-metadata/-/reflect-metadata-0.1.13.tgz",
      "integrity": "sha512-Ts1Y/anZELhSsjMcU605fU9RE4Oi3p5ORujwbIKXfWa+0Zxs510Qrmrce5/Jowq3cHSZSJqBjypxmHarc+vEWg=="
    },
    "node_modules/typescript": {
      "version": "4.9.1-beta",
      "resolved": "https://registry.npmjs.org/typescript/-/typescript-4.9.1-beta.tgz",
      "integrity": "sha512-D4c0t1+sMOS5Hy8DQsGFfEYUuKzolXhf+7e/N0Td5etBPflEYzVwWLBrbVgHpLpLC53OJQCtxk31+NWO2SBPaA==",
      "dev": true,
      "bin": {
        "tsc": "bin/tsc",
        "tsserver": "bin/tsserver"
      },
      "engines": {
        "node": ">=4.2.0"
      }
    }
  },
  "dependencies": {
    "@types/node": {
      "version": "18.11.3",
      "resolved": "https://registry.npmjs.org/@types/node/-/node-18.11.3.tgz",
      "integrity": "sha512-fNjDQzzOsZeKZu5NATgXUPsaFaTxeRgFXoosrHivTl8RGeV733OLawXsGfEk9a8/tySyZUyiZ6E8LcjPFZ2y1A==",
      "dev": true
    },
    "reflect-metadata": {
      "version": "0.1.13",
      "resolved": "https://registry.npmjs.org/reflect-metadata/-/reflect-metadata-0.1.13.tgz",
      "integrity": "sha512-Ts1Y/anZELhSsjMcU605fU9RE4Oi3p5ORujwbIKXfWa+0Zxs510Qrmrce5/Jowq3cHSZSJqBjypxmHarc+vEWg=="
    },
    "typescript": {
      "version": "4.9.1-beta",
      "resolved": "https://registry.npmjs.org/typescript/-/typescript-4.9.1-beta.tgz",
      "integrity": "sha512-D4c0t1+sMOS5Hy8DQsGFfEYUuKzolXhf+7e/N0Td5etBPflEYzVwWLBrbVgHpLpLC53OJQCtxk31+NWO2SBPaA==",
      "dev": true
    }
  }
}
